<?xml version="1.0" encoding="utf-8"?>
<Project ToolsVersion="4.0" xmlns="http://schemas.microsoft.com/developer/msbuild/2003">
  <ItemGroup>
    <Filter Include="ソース ファイル">
      <UniqueIdentifier>{4FC737F1-C7A5-4376-A066-2A32D752A2FF}</UniqueIdentifier>
      <Extensions>cpp;c;cc;cxx;c++;cppm;ixx;def;odl;idl;hpj;bat;asm;asmx</Extensions>
    </Filter>
    <Filter Include="ヘッダー ファイル">
      <UniqueIdentifier>{93995380-89BD-4b04-88EB-625FBE52EBFB}</UniqueIdentifier>
      <Extensions>h;hh;hpp;hxx;h++;hm;inl;inc;ipp;xsd</Extensions>
    </Filter>
    <Filter Include="リソース ファイル">
      <UniqueIdentifier>{67DA6AB6-F800-4c08-8B7A-83BB121AAD01}</UniqueIdentifier>
      <Extensions>rc;ico;cur;bmp;dlg;rc2;rct;bin;rgs;gif;jpg;jpeg;jpe;resx;tiff;tif;png;wav;mfcribbon-ms</Extensions>
    </Filter>
    <Filter Include="imgui">
      <UniqueIdentifier>{9f1ff70d-4375-4e09-8b73-69038d686b5c}</UniqueIdentifier>
    </Filter>
    <Filter Include="Engine">
      <UniqueIdentifier>{478fb002-3e5f-4a1c-af1d-17b8803b0632}</UniqueIdentifier>
    </Filter>
    <Filter Include="Engine\2d">
      <UniqueIdentifier>{00716f22-f890-4bc6-82bd-f2a6c7dfff07}</UniqueIdentifier>
    </Filter>
    <Filter Include="Engine\math">
      <UniqueIdentifier>{72179090-0ae4-4c34-9c23-97dd7e141cc3}</UniqueIdentifier>
    </Filter>
    <Filter Include="Engine\3d">
      <UniqueIdentifier>{ad651a11-4ab1-4f6c-959f-8f9336780cdc}</UniqueIdentifier>
    </Filter>
    <Filter Include="Engine\input">
      <UniqueIdentifier>{f85d3a4c-f28c-4325-a62d-0d0ba6caecf6}</UniqueIdentifier>
    </Filter>
    <Filter Include="Engine\andio">
      <UniqueIdentifier>{fc32f0bc-d437-4074-be2a-9c0c623c61ae}</UniqueIdentifier>
    </Filter>
    <Filter Include="Engine\shaders">
      <UniqueIdentifier>{bcc9c742-a6f9-49b4-9e6f-10fad16d9daf}</UniqueIdentifier>
    </Filter>
    <Filter Include="Engine\bese">
      <UniqueIdentifier>{801f7624-113d-4036-9694-9b9d3a12191e}</UniqueIdentifier>
    </Filter>
  </ItemGroup>
  <ItemGroup>
    <ClCompile Include="main.cpp">
      <Filter>ソース ファイル</Filter>
    </ClCompile>
    <ClCompile Include="externals\imgui\imgui.cpp">
      <Filter>imgui</Filter>
    </ClCompile>
    <ClCompile Include="externals\imgui\imgui_demo.cpp">
      <Filter>imgui</Filter>
    </ClCompile>
    <ClCompile Include="externals\imgui\imgui_draw.cpp">
      <Filter>imgui</Filter>
    </ClCompile>
    <ClCompile Include="externals\imgui\imgui_impl_dx12.cpp">
      <Filter>imgui</Filter>
    </ClCompile>
    <ClCompile Include="externals\imgui\imgui_impl_win32.cpp">
      <Filter>imgui</Filter>
    </ClCompile>
    <ClCompile Include="externals\imgui\imgui_tables.cpp">
      <Filter>imgui</Filter>
    </ClCompile>
    <ClCompile Include="externals\imgui\imgui_widgets.cpp">
      <Filter>imgui</Filter>
    </ClCompile>
    <ClCompile Include="Engine\2d\ImguiCode.cpp">
      <Filter>Engine\2d</Filter>
    </ClCompile>
    <ClCompile Include="Engine\base\ConvertString.cpp">
      <Filter>Engine\bese</Filter>
    </ClCompile>
    <ClCompile Include="Engine\3d\DebugCamera.cpp">
      <Filter>Engine\3d</Filter>
    </ClCompile>
    <ClCompile Include="Engine\input\DirectInput.cpp">
      <Filter>Engine\input</Filter>
    </ClCompile>
    <ClCompile Include="Engine\base\DirectXCommon.cpp">
      <Filter>Engine\bese</Filter>
    </ClCompile>
    <ClCompile Include="Engine\math\Matrix4x4.cpp">
      <Filter>Engine\math</Filter>
    </ClCompile>
    <ClCompile Include="Engine\base\ResourceObject.cpp">
      <Filter>Engine\bese</Filter>
    </ClCompile>
    <ClCompile Include="Engine\audio\Sound.cpp">
      <Filter>Engine\andio</Filter>
    </ClCompile>
    <ClCompile Include="Engine\base\WinApp.cpp">
      <Filter>Engine\bese</Filter>
    </ClCompile>
    <ClCompile Include="Engine\2d\TextureManager.cpp">
      <Filter>Engine\2d</Filter>
    </ClCompile>
    <ClCompile Include="Engine\3d\ModelDraw.cpp">
      <Filter>Engine\3d</Filter>
    </ClCompile>
    <ClCompile Include="Engine\3d\ModelLoader.cpp">
      <Filter>Engine\3d</Filter>
    </ClCompile>
    <ClCompile Include="GameScene.cpp">
      <Filter>ソース ファイル</Filter>
    </ClCompile>
    <ClCompile Include="Engine\base\BlendManager.cpp">
      <Filter>ソース ファイル</Filter>
    </ClCompile>
  </ItemGroup>
  <ItemGroup>
    <ClInclude Include="externals\imgui\imconfig.h">
      <Filter>imgui</Filter>
    </ClInclude>
    <ClInclude Include="externals\imgui\imgui.h">
      <Filter>imgui</Filter>
    </ClInclude>
    <ClInclude Include="externals\imgui\imgui_impl_dx12.h">
      <Filter>imgui</Filter>
    </ClInclude>
    <ClInclude Include="externals\imgui\imgui_impl_win32.h">
      <Filter>imgui</Filter>
    </ClInclude>
    <ClInclude Include="externals\imgui\imgui_internal.h">
      <Filter>imgui</Filter>
    </ClInclude>
    <ClInclude Include="externals\imgui\imstb_rectpack.h">
      <Filter>imgui</Filter>
    </ClInclude>
    <ClInclude Include="externals\imgui\imstb_textedit.h">
      <Filter>imgui</Filter>
    </ClInclude>
    <ClInclude Include="externals\imgui\imstb_truetype.h">
      <Filter>imgui</Filter>
    </ClInclude>
    <ClInclude Include="Engine\2d\ImguiCode.h">
      <Filter>Engine\2d</Filter>
    </ClInclude>
    <ClInclude Include="Engine\base\Common.h">
      <Filter>Engine\bese</Filter>
    </ClInclude>
    <ClInclude Include="Engine\base\ConvertString.h">
      <Filter>Engine\bese</Filter>
    </ClInclude>
    <ClInclude Include="Engine\3d\DebugCamera.h">
      <Filter>Engine\3d</Filter>
    </ClInclude>
    <ClInclude Include="Engine\input\DirectInput.h">
      <Filter>Engine\input</Filter>
    </ClInclude>
    <ClInclude Include="Engine\base\DirectXCommon.h">
      <Filter>Engine\bese</Filter>
    </ClInclude>
    <ClInclude Include="Engine\math\Matrix4x4.h">
      <Filter>Engine\math</Filter>
    </ClInclude>
    <ClInclude Include="Engine\base\ResourceObject.h">
      <Filter>Engine\bese</Filter>
    </ClInclude>
    <ClInclude Include="Engine\audio\Sound.h">
      <Filter>Engine\andio</Filter>
    </ClInclude>
    <ClInclude Include="Engine\base\WinApp.h">
      <Filter>Engine\bese</Filter>
    </ClInclude>
    <ClInclude Include="Engine\2d\TextureManager.h">
      <Filter>Engine\2d</Filter>
    </ClInclude>
    <ClInclude Include="Engine\3d\ModelDraw.h">
      <Filter>Engine\3d</Filter>
    </ClInclude>
    <ClInclude Include="Engine\3d\ModelLoader.h">
      <Filter>Engine\3d</Filter>
    </ClInclude>
    <ClInclude Include="GameScene.h">
      <Filter>ヘッダー ファイル</Filter>
    </ClInclude>
    <ClInclude Include="Engine\base\BlendManager.h">
      <Filter>ヘッダー ファイル</Filter>
    </ClInclude>
  </ItemGroup>
  <ItemGroup>
    <Text Include="externals\imgui\LICENSE.txt" />
  </ItemGroup>
  <ItemGroup>
    <FxCompile Include="Engine\shaders\Object3d.PS.hlsl">
      <Filter>Engine\shaders</Filter>
    </FxCompile>
    <FxCompile Include="Engine\shaders\Object3d.VS.hlsl">
      <Filter>Engine\shaders</Filter>
    </FxCompile>
  </ItemGroup>
  <ItemGroup>
    <None Include="Engine\shaders\Object3d.hlsli">
      <Filter>Engine\shaders</Filter>
    </None>
  </ItemGroup>
</Project>